
Microsoft Visual Studio Solution File, Format Version 12.00
# Visual Studio Version 17
VisualStudioVersion = 17.13.35931.197
MinimumVisualStudioVersion = 10.0.40219.1
Project("{54A90642-561A-4BB1-A94E-469ADEE60C69}") = "e-commerce.client", "e-commerce.client\e-commerce.client.esproj", "{0FD87086-644D-89EE-DB10-2B6517FC56C2}"
EndProject
Project("{FAE04EC0-301F-11D3-BF4B-00C04F79EFBC}") = "E-commerce.Server", "E-commerce.Server\E-commerce.Server.csproj", "{F007BF10-3D70-43D2-AAC4-0FB10B345553}"
EndProject
Project("{FAE04EC0-301F-11D3-BF4B-00C04F79EFBC}") = "UnitTestProject", "UnitTestProject\UnitTestProject.csproj", "{489A08A0-A9D7-46E6-873C-4BDF6E5267CF}"
EndProject
Project("{FAE04EC0-301F-11D3-BF4B-00C04F79EFBC}") = "codeCoverage", "codeCoverage\codeCoverage.csproj", "{6F73DF8E-6CFC-47BD-B33D-E24E0F8ECF27}"
EndProject
Project("{E53339B2-1760-4266-BCC7-CA923CBCF16C}") = "docker-compose", "docker-compose.dcproj", "{81DDED9D-158B-E303-5F62-77A2896D2A5A}"
EndProject
Global
	GlobalSection(SolutionConfigurationPlatforms) = preSolution
		Debug|Any CPU = Debug|Any CPU
		Release|Any CPU = Release|Any CPU
	EndGlobalSection
	GlobalSection(ProjectConfigurationPlatforms) = postSolution
		{0FD87086-644D-89EE-DB10-2B6517FC56C2}.Debug|Any CPU.ActiveCfg = Debug|Any CPU
		{0FD87086-644D-89EE-DB10-2B6517FC56C2}.Debug|Any CPU.Build.0 = Debug|Any CPU
		{0FD87086-644D-89EE-DB10-2B6517FC56C2}.Debug|Any CPU.Deploy.0 = Debug|Any CPU
		{0FD87086-644D-89EE-DB10-2B6517FC56C2}.Release|Any CPU.ActiveCfg = Release|Any CPU
		{0FD87086-644D-89EE-DB10-2B6517FC56C2}.Release|Any CPU.Build.0 = Release|Any CPU
		{0FD87086-644D-89EE-DB10-2B6517FC56C2}.Release|Any CPU.Deploy.0 = Release|Any CPU
		{F007BF10-3D70-43D2-AAC4-0FB10B345553}.Debug|Any CPU.ActiveCfg = Debug|Any CPU
		{F007BF10-3D70-43D2-AAC4-0FB10B345553}.Debug|Any CPU.Build.0 = Debug|Any CPU
		{F007BF10-3D70-43D2-AAC4-0FB10B345553}.Release|Any CPU.ActiveCfg = Release|Any CPU
		{F007BF10-3D70-43D2-AAC4-0FB10B345553}.Release|Any CPU.Build.0 = Release|Any CPU
		{489A08A0-A9D7-46E6-873C-4BDF6E5267CF}.Debug|Any CPU.ActiveCfg = Debug|Any CPU
		{489A08A0-A9D7-46E6-873C-4BDF6E5267CF}.Debug|Any CPU.Build.0 = Debug|Any CPU
		{489A08A0-A9D7-46E6-873C-4BDF6E5267CF}.Release|Any CPU.ActiveCfg = Release|Any CPU
		{489A08A0-A9D7-46E6-873C-4BDF6E5267CF}.Release|Any CPU.Build.0 = Release|Any CPU
		{6F73DF8E-6CFC-47BD-B33D-E24E0F8ECF27}.Debug|Any CPU.ActiveCfg = Debug|Any CPU
		{6F73DF8E-6CFC-47BD-B33D-E24E0F8ECF27}.Debug|Any CPU.Build.0 = Debug|Any CPU
		{6F73DF8E-6CFC-47BD-B33D-E24E0F8ECF27}.Release|Any CPU.ActiveCfg = Release|Any CPU
		{6F73DF8E-6CFC-47BD-B33D-E24E0F8ECF27}.Release|Any CPU.Build.0 = Release|Any CPU
		{81DDED9D-158B-E303-5F62-77A2896D2A5A}.Debug|Any CPU.ActiveCfg = Debug|Any CPU
		{81DDED9D-158B-E303-5F62-77A2896D2A5A}.Debug|Any CPU.Build.0 = Debug|Any CPU
		{81DDED9D-158B-E303-5F62-77A2896D2A5A}.Release|Any CPU.ActiveCfg = Release|Any CPU
		{81DDED9D-158B-E303-5F62-77A2896D2A5A}.Release|Any CPU.Build.0 = Release|Any CPU
	EndGlobalSection
	GlobalSection(SolutionProperties) = preSolution
		HideSolutionNode = FALSE
	EndGlobalSection
	GlobalSection(ExtensibilityGlobals) = postSolution
		SolutionGuid = {84065049-1E4B-41F8-8010-EE3CD8450349}
	EndGlobalSection
EndGlobal
